
Microsoft Visual Studio Solution File, Format Version 11.00
# Visual Studio 2010
Project("{FAE04EC0-301F-11D3-BF4B-00C04F79EFBC}") = "SpyGame", "Assembly-CSharp.csproj", "{55E7D035-A1CA-91BC-40A4-6B34CDD79FC3}"
EndProject
Project("{FAE04EC0-301F-11D3-BF4B-00C04F79EFBC}") = "SpyGame", "Assembly-CSharp-Editor.csproj", "{84AC56C9-6598-B05F-EDAA-26C5596C36F9}"
EndProject
Global
	GlobalSection(SolutionConfigurationPlatforms) = preSolution
		Debug|Any CPU = Debug|Any CPU
		Release|Any CPU = Release|Any CPU
	EndGlobalSection
	GlobalSection(ProjectConfigurationPlatforms) = postSolution
		{55E7D035-A1CA-91BC-40A4-6B34CDD79FC3}.Debug|Any CPU.ActiveCfg = Debug|Any CPU
		{55E7D035-A1CA-91BC-40A4-6B34CDD79FC3}.Debug|Any CPU.Build.0 = Debug|Any CPU
		{55E7D035-A1CA-91BC-40A4-6B34CDD79FC3}.Release|Any CPU.ActiveCfg = Release|Any CPU
		{55E7D035-A1CA-91BC-40A4-6B34CDD79FC3}.Release|Any CPU.Build.0 = Release|Any CPU
		{84AC56C9-6598-B05F-EDAA-26C5596C36F9}.Debug|Any CPU.ActiveCfg = Debug|Any CPU
		{84AC56C9-6598-B05F-EDAA-26C5596C36F9}.Debug|Any CPU.Build.0 = Debug|Any CPU
		{84AC56C9-6598-B05F-EDAA-26C5596C36F9}.Release|Any CPU.ActiveCfg = Release|Any CPU
		{84AC56C9-6598-B05F-EDAA-26C5596C36F9}.Release|Any CPU.Build.0 = Release|Any CPU
	EndGlobalSection
	GlobalSection(SolutionProperties) = preSolution
		HideSolutionNode = FALSE
	EndGlobalSection
	GlobalSection(MonoDevelopProperties) = preSolution
		StartupItem = Assembly-CSharp.csproj
	EndGlobalSection
EndGlobal
